// !$*UTF8*$!
{
	archiveVersion = 1;
	classes = {
	};
	objectVersion = 56;
	objects = {

/* Begin PBXBuildFile section */
		4039542B2903F9FE00F8ED7C /* AppFeatureDI.swift in Sources */ = {isa = PBXBuildFile; fileRef = 403954282903F9FE00F8ED7C /* AppFeatureDI.swift */; };
		4039542C2903F9FE00F8ED7C /* ProductsDI.swift in Sources */ = {isa = PBXBuildFile; fileRef = 403954292903F9FE00F8ED7C /* ProductsDI.swift */; };
		4039542D2903F9FE00F8ED7C /* SettingsDI.swift in Sources */ = {isa = PBXBuildFile; fileRef = 4039542A2903F9FE00F8ED7C /* SettingsDI.swift */; };
		40F16D3928F000D100E65109 /* FromCocoaToSPMApp.swift in Sources */ = {isa = PBXBuildFile; fileRef = 40F16D3828F000D100E65109 /* FromCocoaToSPMApp.swift */; };
		40F16D3D28F000D200E65109 /* Assets.xcassets in Resources */ = {isa = PBXBuildFile; fileRef = 40F16D3C28F000D200E65109 /* Assets.xcassets */; };
		40F16D4028F000D200E65109 /* Preview Assets.xcassets in Resources */ = {isa = PBXBuildFile; fileRef = 40F16D3F28F000D200E65109 /* Preview Assets.xcassets */; };
		40F16D4A28F000D200E65109 /* FromCocoaToSPMTests.swift in Sources */ = {isa = PBXBuildFile; fileRef = 40F16D4928F000D200E65109 /* FromCocoaToSPMTests.swift */; };
		40F16D5428F000D200E65109 /* FromCocoaToSPMUITests.swift in Sources */ = {isa = PBXBuildFile; fileRef = 40F16D5328F000D200E65109 /* FromCocoaToSPMUITests.swift */; };
		40F16D5628F000D200E65109 /* FromCocoaToSPMUITestsLaunchTests.swift in Sources */ = {isa = PBXBuildFile; fileRef = 40F16D5528F000D200E65109 /* FromCocoaToSPMUITestsLaunchTests.swift */; };
		40F16D6328F0045C00E65109 /* AppDelegate.swift in Sources */ = {isa = PBXBuildFile; fileRef = 40F16D6228F0045C00E65109 /* AppDelegate.swift */; };
		B21C6A7B04840395B0CBCCBD /* Pods_FromCocoaToSPM.framework in Frameworks */ = {isa = PBXBuildFile; fileRef = 7C87ED80562F8DE1EBD04F06 /* Pods_FromCocoaToSPM.framework */; };
		C6CB1CB7A3C26D748A62865C /* Pods_FromCocoaToSPMTests.framework in Frameworks */ = {isa = PBXBuildFile; fileRef = 5CBCF7A89D75D7B4D0333C26 /* Pods_FromCocoaToSPMTests.framework */; };
		E194503E24A8B062C9D7ED8F /* Pods_FromCocoaToSPM_FromCocoaToSPMUITests.framework in Frameworks */ = {isa = PBXBuildFile; fileRef = E1662D56028CB6DB05C4A56C /* Pods_FromCocoaToSPM_FromCocoaToSPMUITests.framework */; };
/* End PBXBuildFile section */

/* Begin PBXContainerItemProxy section */
		40F16D4628F000D200E65109 /* PBXContainerItemProxy */ = {
			isa = PBXContainerItemProxy;
			containerPortal = 40F16D2D28F000D100E65109 /* Project object */;
			proxyType = 1;
			remoteGlobalIDString = 40F16D3428F000D100E65109;
			remoteInfo = FromCocoaToSPM;
		};
		40F16D5028F000D200E65109 /* PBXContainerItemProxy */ = {
			isa = PBXContainerItemProxy;
			containerPortal = 40F16D2D28F000D100E65109 /* Project object */;
			proxyType = 1;
			remoteGlobalIDString = 40F16D3428F000D100E65109;
			remoteInfo = FromCocoaToSPM;
		};
/* End PBXContainerItemProxy section */

/* Begin PBXFileReference section */
		14C10542006C5EA799C6A69E /* Pods-FromCocoaToSPMTests.debug.xcconfig */ = {isa = PBXFileReference; includeInIndex = 1; lastKnownFileType = text.xcconfig; name = "Pods-FromCocoaToSPMTests.debug.xcconfig"; path = "Target Support Files/Pods-FromCocoaToSPMTests/Pods-FromCocoaToSPMTests.debug.xcconfig"; sourceTree = "<group>"; };
		2FF576CD21C8907C64055BDC /* Pods-FromCocoaToSPM.release.xcconfig */ = {isa = PBXFileReference; includeInIndex = 1; lastKnownFileType = text.xcconfig; name = "Pods-FromCocoaToSPM.release.xcconfig"; path = "Target Support Files/Pods-FromCocoaToSPM/Pods-FromCocoaToSPM.release.xcconfig"; sourceTree = "<group>"; };
		403954282903F9FE00F8ED7C /* AppFeatureDI.swift */ = {isa = PBXFileReference; fileEncoding = 4; lastKnownFileType = sourcecode.swift; path = AppFeatureDI.swift; sourceTree = "<group>"; };
		403954292903F9FE00F8ED7C /* ProductsDI.swift */ = {isa = PBXFileReference; fileEncoding = 4; lastKnownFileType = sourcecode.swift; path = ProductsDI.swift; sourceTree = "<group>"; };
		4039542A2903F9FE00F8ED7C /* SettingsDI.swift */ = {isa = PBXFileReference; fileEncoding = 4; lastKnownFileType = sourcecode.swift; path = SettingsDI.swift; sourceTree = "<group>"; };
		40F16D3528F000D100E65109 /* FromCocoaToSPM.app */ = {isa = PBXFileReference; explicitFileType = wrapper.application; includeInIndex = 0; path = FromCocoaToSPM.app; sourceTree = BUILT_PRODUCTS_DIR; };
		40F16D3828F000D100E65109 /* FromCocoaToSPMApp.swift */ = {isa = PBXFileReference; lastKnownFileType = sourcecode.swift; path = FromCocoaToSPMApp.swift; sourceTree = "<group>"; };
		40F16D3C28F000D200E65109 /* Assets.xcassets */ = {isa = PBXFileReference; lastKnownFileType = folder.assetcatalog; path = Assets.xcassets; sourceTree = "<group>"; };
		40F16D3F28F000D200E65109 /* Preview Assets.xcassets */ = {isa = PBXFileReference; lastKnownFileType = folder.assetcatalog; path = "Preview Assets.xcassets"; sourceTree = "<group>"; };
		40F16D4528F000D200E65109 /* FromCocoaToSPMTests.xctest */ = {isa = PBXFileReference; explicitFileType = wrapper.cfbundle; includeInIndex = 0; path = FromCocoaToSPMTests.xctest; sourceTree = BUILT_PRODUCTS_DIR; };
		40F16D4928F000D200E65109 /* FromCocoaToSPMTests.swift */ = {isa = PBXFileReference; lastKnownFileType = sourcecode.swift; path = FromCocoaToSPMTests.swift; sourceTree = "<group>"; };
		40F16D4F28F000D200E65109 /* FromCocoaToSPMUITests.xctest */ = {isa = PBXFileReference; explicitFileType = wrapper.cfbundle; includeInIndex = 0; path = FromCocoaToSPMUITests.xctest; sourceTree = BUILT_PRODUCTS_DIR; };
		40F16D5328F000D200E65109 /* FromCocoaToSPMUITests.swift */ = {isa = PBXFileReference; lastKnownFileType = sourcecode.swift; path = FromCocoaToSPMUITests.swift; sourceTree = "<group>"; };
		40F16D5528F000D200E65109 /* FromCocoaToSPMUITestsLaunchTests.swift */ = {isa = PBXFileReference; lastKnownFileType = sourcecode.swift; path = FromCocoaToSPMUITestsLaunchTests.swift; sourceTree = "<group>"; };
		40F16D6228F0045C00E65109 /* AppDelegate.swift */ = {isa = PBXFileReference; lastKnownFileType = sourcecode.swift; path = AppDelegate.swift; sourceTree = "<group>"; };
		5CBCF7A89D75D7B4D0333C26 /* Pods_FromCocoaToSPMTests.framework */ = {isa = PBXFileReference; explicitFileType = wrapper.framework; includeInIndex = 0; path = Pods_FromCocoaToSPMTests.framework; sourceTree = BUILT_PRODUCTS_DIR; };
		62396DFEC7C32463DA25B5BE /* Pods-FromCocoaToSPM.debug.xcconfig */ = {isa = PBXFileReference; includeInIndex = 1; lastKnownFileType = text.xcconfig; name = "Pods-FromCocoaToSPM.debug.xcconfig"; path = "Target Support Files/Pods-FromCocoaToSPM/Pods-FromCocoaToSPM.debug.xcconfig"; sourceTree = "<group>"; };
		6C63B60E4AD8C43895551A55 /* Pods-FromCocoaToSPM-FromCocoaToSPMUITests.debug.xcconfig */ = {isa = PBXFileReference; includeInIndex = 1; lastKnownFileType = text.xcconfig; name = "Pods-FromCocoaToSPM-FromCocoaToSPMUITests.debug.xcconfig"; path = "Target Support Files/Pods-FromCocoaToSPM-FromCocoaToSPMUITests/Pods-FromCocoaToSPM-FromCocoaToSPMUITests.debug.xcconfig"; sourceTree = "<group>"; };
		7C87ED80562F8DE1EBD04F06 /* Pods_FromCocoaToSPM.framework */ = {isa = PBXFileReference; explicitFileType = wrapper.framework; includeInIndex = 0; path = Pods_FromCocoaToSPM.framework; sourceTree = BUILT_PRODUCTS_DIR; };
		85F76C5B5AD43EA2BC5B9693 /* Pods-FromCocoaToSPM-FromCocoaToSPMUITests.release.xcconfig */ = {isa = PBXFileReference; includeInIndex = 1; lastKnownFileType = text.xcconfig; name = "Pods-FromCocoaToSPM-FromCocoaToSPMUITests.release.xcconfig"; path = "Target Support Files/Pods-FromCocoaToSPM-FromCocoaToSPMUITests/Pods-FromCocoaToSPM-FromCocoaToSPMUITests.release.xcconfig"; sourceTree = "<group>"; };
		BB00F7A56CFA157CCBBBBFF8 /* Pods-FromCocoaToSPMTests.release.xcconfig */ = {isa = PBXFileReference; includeInIndex = 1; lastKnownFileType = text.xcconfig; name = "Pods-FromCocoaToSPMTests.release.xcconfig"; path = "Target Support Files/Pods-FromCocoaToSPMTests/Pods-FromCocoaToSPMTests.release.xcconfig"; sourceTree = "<group>"; };
		E1662D56028CB6DB05C4A56C /* Pods_FromCocoaToSPM_FromCocoaToSPMUITests.framework */ = {isa = PBXFileReference; explicitFileType = wrapper.framework; includeInIndex = 0; path = Pods_FromCocoaToSPM_FromCocoaToSPMUITests.framework; sourceTree = BUILT_PRODUCTS_DIR; };
/* End PBXFileReference section */

/* Begin PBXFrameworksBuildPhase section */
		40F16D3228F000D100E65109 /* Frameworks */ = {
			isa = PBXFrameworksBuildPhase;
			buildActionMask = 2147483647;
			files = (
				B21C6A7B04840395B0CBCCBD /* Pods_FromCocoaToSPM.framework in Frameworks */,
			);
			runOnlyForDeploymentPostprocessing = 0;
		};
		40F16D4228F000D200E65109 /* Frameworks */ = {
			isa = PBXFrameworksBuildPhase;
			buildActionMask = 2147483647;
			files = (
				C6CB1CB7A3C26D748A62865C /* Pods_FromCocoaToSPMTests.framework in Frameworks */,
			);
			runOnlyForDeploymentPostprocessing = 0;
		};
		40F16D4C28F000D200E65109 /* Frameworks */ = {
			isa = PBXFrameworksBuildPhase;
			buildActionMask = 2147483647;
			files = (
				E194503E24A8B062C9D7ED8F /* Pods_FromCocoaToSPM_FromCocoaToSPMUITests.framework in Frameworks */,
			);
			runOnlyForDeploymentPostprocessing = 0;
		};
/* End PBXFrameworksBuildPhase section */

/* Begin PBXGroup section */
		403954272903F9FE00F8ED7C /* DI */ = {
			isa = PBXGroup;
			children = (
				403954282903F9FE00F8ED7C /* AppFeatureDI.swift */,
				403954292903F9FE00F8ED7C /* ProductsDI.swift */,
				4039542A2903F9FE00F8ED7C /* SettingsDI.swift */,
			);
			path = DI;
			sourceTree = "<group>";
		};
		4039543B2906D49700F8ED7C /* Frameworks */ = {
			isa = PBXGroup;
			children = (
				7C87ED80562F8DE1EBD04F06 /* Pods_FromCocoaToSPM.framework */,
				E1662D56028CB6DB05C4A56C /* Pods_FromCocoaToSPM_FromCocoaToSPMUITests.framework */,
				5CBCF7A89D75D7B4D0333C26 /* Pods_FromCocoaToSPMTests.framework */,
			);
			name = Frameworks;
			sourceTree = "<group>";
		};
		40F16D2C28F000D100E65109 = {
			isa = PBXGroup;
			children = (
				40F16D3728F000D100E65109 /* FromCocoaToSPM */,
				40F16D4828F000D200E65109 /* FromCocoaToSPMTests */,
				40F16D5228F000D200E65109 /* FromCocoaToSPMUITests */,
				40F16D3628F000D100E65109 /* Products */,
				4039543B2906D49700F8ED7C /* Frameworks */,
				7415DC4309BF9381E735D99E /* Pods */,
			);
			sourceTree = "<group>";
		};
		40F16D3628F000D100E65109 /* Products */ = {
			isa = PBXGroup;
			children = (
				40F16D3528F000D100E65109 /* FromCocoaToSPM.app */,
				40F16D4528F000D200E65109 /* FromCocoaToSPMTests.xctest */,
				40F16D4F28F000D200E65109 /* FromCocoaToSPMUITests.xctest */,
			);
			name = Products;
			sourceTree = "<group>";
		};
		40F16D3728F000D100E65109 /* FromCocoaToSPM */ = {
			isa = PBXGroup;
			children = (
				40F16D3828F000D100E65109 /* FromCocoaToSPMApp.swift */,
				40F16D6228F0045C00E65109 /* AppDelegate.swift */,
				403954272903F9FE00F8ED7C /* DI */,
				40F16D3C28F000D200E65109 /* Assets.xcassets */,
				40F16D3E28F000D200E65109 /* Preview Content */,
			);
			path = FromCocoaToSPM;
			sourceTree = "<group>";
		};
		40F16D3E28F000D200E65109 /* Preview Content */ = {
			isa = PBXGroup;
			children = (
				40F16D3F28F000D200E65109 /* Preview Assets.xcassets */,
			);
			path = "Preview Content";
			sourceTree = "<group>";
		};
		40F16D4828F000D200E65109 /* FromCocoaToSPMTests */ = {
			isa = PBXGroup;
			children = (
				40F16D4928F000D200E65109 /* FromCocoaToSPMTests.swift */,
			);
			path = FromCocoaToSPMTests;
			sourceTree = "<group>";
		};
		40F16D5228F000D200E65109 /* FromCocoaToSPMUITests */ = {
			isa = PBXGroup;
			children = (
				40F16D5328F000D200E65109 /* FromCocoaToSPMUITests.swift */,
				40F16D5528F000D200E65109 /* FromCocoaToSPMUITestsLaunchTests.swift */,
			);
			path = FromCocoaToSPMUITests;
			sourceTree = "<group>";
		};
		7415DC4309BF9381E735D99E /* Pods */ = {
			isa = PBXGroup;
			children = (
				62396DFEC7C32463DA25B5BE /* Pods-FromCocoaToSPM.debug.xcconfig */,
				2FF576CD21C8907C64055BDC /* Pods-FromCocoaToSPM.release.xcconfig */,
				6C63B60E4AD8C43895551A55 /* Pods-FromCocoaToSPM-FromCocoaToSPMUITests.debug.xcconfig */,
				85F76C5B5AD43EA2BC5B9693 /* Pods-FromCocoaToSPM-FromCocoaToSPMUITests.release.xcconfig */,
				14C10542006C5EA799C6A69E /* Pods-FromCocoaToSPMTests.debug.xcconfig */,
				BB00F7A56CFA157CCBBBBFF8 /* Pods-FromCocoaToSPMTests.release.xcconfig */,
			);
			path = Pods;
			sourceTree = "<group>";
		};
/* End PBXGroup section */

/* Begin PBXNativeTarget section */
		40F16D3428F000D100E65109 /* FromCocoaToSPM */ = {
			isa = PBXNativeTarget;
			buildConfigurationList = 40F16D5928F000D200E65109 /* Build configuration list for PBXNativeTarget "FromCocoaToSPM" */;
			buildPhases = (
				F3F4DB57AF4F6A9FE86F724B /* [CP] Check Pods Manifest.lock */,
				40F16D3128F000D100E65109 /* Sources */,
				40F16D3228F000D100E65109 /* Frameworks */,
				40F16D3328F000D100E65109 /* Resources */,
				9B7156122F09AD605A95B514 /* [CP] Embed Pods Frameworks */,
			);
			buildRules = (
			);
			dependencies = (
			);
			name = FromCocoaToSPM;
			packageProductDependencies = (
			);
			productName = FromCocoaToSPM;
			productReference = 40F16D3528F000D100E65109 /* FromCocoaToSPM.app */;
			productType = "com.apple.product-type.application";
		};
		40F16D4428F000D200E65109 /* FromCocoaToSPMTests */ = {
			isa = PBXNativeTarget;
			buildConfigurationList = 40F16D5C28F000D200E65109 /* Build configuration list for PBXNativeTarget "FromCocoaToSPMTests" */;
			buildPhases = (
				5893CF78BAEACBCB87C584A6 /* [CP] Check Pods Manifest.lock */,
				40F16D4128F000D200E65109 /* Sources */,
				40F16D4228F000D200E65109 /* Frameworks */,
				40F16D4328F000D200E65109 /* Resources */,
			);
			buildRules = (
			);
			dependencies = (
				40F16D4728F000D200E65109 /* PBXTargetDependency */,
			);
			name = FromCocoaToSPMTests;
			productName = FromCocoaToSPMTests;
			productReference = 40F16D4528F000D200E65109 /* FromCocoaToSPMTests.xctest */;
			productType = "com.apple.product-type.bundle.unit-test";
		};
		40F16D4E28F000D200E65109 /* FromCocoaToSPMUITests */ = {
			isa = PBXNativeTarget;
			buildConfigurationList = 40F16D5F28F000D200E65109 /* Build configuration list for PBXNativeTarget "FromCocoaToSPMUITests" */;
			buildPhases = (
				262092FC4AC2CB7A69B8F06E /* [CP] Check Pods Manifest.lock */,
				40F16D4B28F000D200E65109 /* Sources */,
				40F16D4C28F000D200E65109 /* Frameworks */,
				40F16D4D28F000D200E65109 /* Resources */,
				66E0E0745928240AC67648AD /* [CP] Embed Pods Frameworks */,
			);
			buildRules = (
			);
			dependencies = (
				40F16D5128F000D200E65109 /* PBXTargetDependency */,
			);
			name = FromCocoaToSPMUITests;
			productName = FromCocoaToSPMUITests;
			productReference = 40F16D4F28F000D200E65109 /* FromCocoaToSPMUITests.xctest */;
			productType = "com.apple.product-type.bundle.ui-testing";
		};
/* End PBXNativeTarget section */

/* Begin PBXProject section */
		40F16D2D28F000D100E65109 /* Project object */ = {
			isa = PBXProject;
			attributes = {
				BuildIndependentTargetsInParallel = 1;
				LastSwiftUpdateCheck = 1400;
				LastUpgradeCheck = 1400;
				TargetAttributes = {
					40F16D3428F000D100E65109 = {
						CreatedOnToolsVersion = 14.0.1;
					};
					40F16D4428F000D200E65109 = {
						CreatedOnToolsVersion = 14.0.1;
						TestTargetID = 40F16D3428F000D100E65109;
					};
					40F16D4E28F000D200E65109 = {
						CreatedOnToolsVersion = 14.0.1;
						TestTargetID = 40F16D3428F000D100E65109;
					};
				};
			};
			buildConfigurationList = 40F16D3028F000D100E65109 /* Build configuration list for PBXProject "FromCocoaToSPM" */;
			compatibilityVersion = "Xcode 14.0";
			developmentRegion = en;
			hasScannedForEncodings = 0;
			knownRegions = (
				en,
				Base,
			);
			mainGroup = 40F16D2C28F000D100E65109;
			productRefGroup = 40F16D3628F000D100E65109 /* Products */;
			projectDirPath = "";
			projectRoot = "";
			targets = (
				40F16D3428F000D100E65109 /* FromCocoaToSPM */,
				40F16D4428F000D200E65109 /* FromCocoaToSPMTests */,
				40F16D4E28F000D200E65109 /* FromCocoaToSPMUITests */,
			);
		};
/* End PBXProject section */

/* Begin PBXResourcesBuildPhase section */
		40F16D3328F000D100E65109 /* Resources */ = {
			isa = PBXResourcesBuildPhase;
			buildActionMask = 2147483647;
			files = (
				40F16D4028F000D200E65109 /* Preview Assets.xcassets in Resources */,
				40F16D3D28F000D200E65109 /* Assets.xcassets in Resources */,
			);
			runOnlyForDeploymentPostprocessing = 0;
		};
		40F16D4328F000D200E65109 /* Resources */ = {
			isa = PBXResourcesBuildPhase;
			buildActionMask = 2147483647;
			files = (
			);
			runOnlyForDeploymentPostprocessing = 0;
		};
		40F16D4D28F000D200E65109 /* Resources */ = {
			isa = PBXResourcesBuildPhase;
			buildActionMask = 2147483647;
			files = (
			);
			runOnlyForDeploymentPostprocessing = 0;
		};
/* End PBXResourcesBuildPhase section */

/* Begin PBXShellScriptBuildPhase section */
		262092FC4AC2CB7A69B8F06E /* [CP] Check Pods Manifest.lock */ = {
			isa = PBXShellScriptBuildPhase;
			buildActionMask = 2147483647;
			files = (
			);
			inputFileListPaths = (
			);
			inputPaths = (
				"${PODS_PODFILE_DIR_PATH}/Podfile.lock",
				"${PODS_ROOT}/Manifest.lock",
			);
			name = "[CP] Check Pods Manifest.lock";
			outputFileListPaths = (
			);
			outputPaths = (
				"$(DERIVED_FILE_DIR)/Pods-FromCocoaToSPM-FromCocoaToSPMUITests-checkManifestLockResult.txt",
			);
			runOnlyForDeploymentPostprocessing = 0;
			shellPath = /bin/sh;
			shellScript = "diff \"${PODS_PODFILE_DIR_PATH}/Podfile.lock\" \"${PODS_ROOT}/Manifest.lock\" > /dev/null\nif [ $? != 0 ] ; then\n    # print error to STDERR\n    echo \"error: The sandbox is not in sync with the Podfile.lock. Run 'pod install' or update your CocoaPods installation.\" >&2\n    exit 1\nfi\n# This output is used by Xcode 'outputs' to avoid re-running this script phase.\necho \"SUCCESS\" > \"${SCRIPT_OUTPUT_FILE_0}\"\n";
			showEnvVarsInLog = 0;
		};
		5893CF78BAEACBCB87C584A6 /* [CP] Check Pods Manifest.lock */ = {
			isa = PBXShellScriptBuildPhase;
			buildActionMask = 2147483647;
			files = (
			);
			inputFileListPaths = (
			);
			inputPaths = (
				"${PODS_PODFILE_DIR_PATH}/Podfile.lock",
				"${PODS_ROOT}/Manifest.lock",
			);
			name = "[CP] Check Pods Manifest.lock";
			outputFileListPaths = (
			);
			outputPaths = (
				"$(DERIVED_FILE_DIR)/Pods-FromCocoaToSPMTests-checkManifestLockResult.txt",
			);
			runOnlyForDeploymentPostprocessing = 0;
			shellPath = /bin/sh;
			shellScript = "diff \"${PODS_PODFILE_DIR_PATH}/Podfile.lock\" \"${PODS_ROOT}/Manifest.lock\" > /dev/null\nif [ $? != 0 ] ; then\n    # print error to STDERR\n    echo \"error: The sandbox is not in sync with the Podfile.lock. Run 'pod install' or update your CocoaPods installation.\" >&2\n    exit 1\nfi\n# This output is used by Xcode 'outputs' to avoid re-running this script phase.\necho \"SUCCESS\" > \"${SCRIPT_OUTPUT_FILE_0}\"\n";
			showEnvVarsInLog = 0;
		};
		66E0E0745928240AC67648AD /* [CP] Embed Pods Frameworks */ = {
			isa = PBXShellScriptBuildPhase;
			buildActionMask = 2147483647;
			files = (
			);
			inputFileListPaths = (
				"${PODS_ROOT}/Target Support Files/Pods-FromCocoaToSPM-FromCocoaToSPMUITests/Pods-FromCocoaToSPM-FromCocoaToSPMUITests-frameworks-${CONFIGURATION}-input-files.xcfilelist",
			);
			name = "[CP] Embed Pods Frameworks";
			outputFileListPaths = (
				"${PODS_ROOT}/Target Support Files/Pods-FromCocoaToSPM-FromCocoaToSPMUITests/Pods-FromCocoaToSPM-FromCocoaToSPMUITests-frameworks-${CONFIGURATION}-output-files.xcfilelist",
			);
			runOnlyForDeploymentPostprocessing = 0;
			shellPath = /bin/sh;
			shellScript = "\"${PODS_ROOT}/Target Support Files/Pods-FromCocoaToSPM-FromCocoaToSPMUITests/Pods-FromCocoaToSPM-FromCocoaToSPMUITests-frameworks.sh\"\n";
			showEnvVarsInLog = 0;
		};
		9B7156122F09AD605A95B514 /* [CP] Embed Pods Frameworks */ = {
			isa = PBXShellScriptBuildPhase;
			buildActionMask = 2147483647;
			files = (
			);
			inputFileListPaths = (
				"${PODS_ROOT}/Target Support Files/Pods-FromCocoaToSPM/Pods-FromCocoaToSPM-frameworks-${CONFIGURATION}-input-files.xcfilelist",
			);
			name = "[CP] Embed Pods Frameworks";
			outputFileListPaths = (
				"${PODS_ROOT}/Target Support Files/Pods-FromCocoaToSPM/Pods-FromCocoaToSPM-frameworks-${CONFIGURATION}-output-files.xcfilelist",
			);
			runOnlyForDeploymentPostprocessing = 0;
			shellPath = /bin/sh;
			shellScript = "\"${PODS_ROOT}/Target Support Files/Pods-FromCocoaToSPM/Pods-FromCocoaToSPM-frameworks.sh\"\n";
			showEnvVarsInLog = 0;
		};
		F3F4DB57AF4F6A9FE86F724B /* [CP] Check Pods Manifest.lock */ = {
			isa = PBXShellScriptBuildPhase;
			buildActionMask = 2147483647;
			files = (
			);
			inputFileListPaths = (
			);
			inputPaths = (
				"${PODS_PODFILE_DIR_PATH}/Podfile.lock",
				"${PODS_ROOT}/Manifest.lock",
			);
			name = "[CP] Check Pods Manifest.lock";
			outputFileListPaths = (
			);
			outputPaths = (
				"$(DERIVED_FILE_DIR)/Pods-FromCocoaToSPM-checkManifestLockResult.txt",
			);
			runOnlyForDeploymentPostprocessing = 0;
			shellPath = /bin/sh;
			shellScript = "diff \"${PODS_PODFILE_DIR_PATH}/Podfile.lock\" \"${PODS_ROOT}/Manifest.lock\" > /dev/null\nif [ $? != 0 ] ; then\n    # print error to STDERR\n    echo \"error: The sandbox is not in sync with the Podfile.lock. Run 'pod install' or update your CocoaPods installation.\" >&2\n    exit 1\nfi\n# This output is used by Xcode 'outputs' to avoid re-running this script phase.\necho \"SUCCESS\" > \"${SCRIPT_OUTPUT_FILE_0}\"\n";
			showEnvVarsInLog = 0;
		};
/* End PBXShellScriptBuildPhase section */

/* Begin PBXSourcesBuildPhase section */
		40F16D3128F000D100E65109 /* Sources */ = {
			isa = PBXSourcesBuildPhase;
			buildActionMask = 2147483647;
			files = (
				4039542C2903F9FE00F8ED7C /* ProductsDI.swift in Sources */,
				40F16D6328F0045C00E65109 /* AppDelegate.swift in Sources */,
				4039542D2903F9FE00F8ED7C /* SettingsDI.swift in Sources */,
				4039542B2903F9FE00F8ED7C /* AppFeatureDI.swift in Sources */,
				40F16D3928F000D100E65109 /* FromCocoaToSPMApp.swift in Sources */,
			);
			runOnlyForDeploymentPostprocessing = 0;
		};
		40F16D4128F000D200E65109 /* Sources */ = {
			isa = PBXSourcesBuildPhase;
			buildActionMask = 2147483647;
			files = (
				40F16D4A28F000D200E65109 /* FromCocoaToSPMTests.swift in Sources */,
			);
			runOnlyForDeploymentPostprocessing = 0;
		};
		40F16D4B28F000D200E65109 /* Sources */ = {
			isa = PBXSourcesBuildPhase;
			buildActionMask = 2147483647;
			files = (
				40F16D5628F000D200E65109 /* FromCocoaToSPMUITestsLaunchTests.swift in Sources */,
				40F16D5428F000D200E65109 /* FromCocoaToSPMUITests.swift in Sources */,
			);
			runOnlyForDeploymentPostprocessing = 0;
		};
/* End PBXSourcesBuildPhase section */

/* Begin PBXTargetDependency section */
		40F16D4728F000D200E65109 /* PBXTargetDependency */ = {
			isa = PBXTargetDependency;
			target = 40F16D3428F000D100E65109 /* FromCocoaToSPM */;
			targetProxy = 40F16D4628F000D200E65109 /* PBXContainerItemProxy */;
		};
		40F16D5128F000D200E65109 /* PBXTargetDependency */ = {
			isa = PBXTargetDependency;
			target = 40F16D3428F000D100E65109 /* FromCocoaToSPM */;
			targetProxy = 40F16D5028F000D200E65109 /* PBXContainerItemProxy */;
		};
/* End PBXTargetDependency section */

/* Begin XCBuildConfiguration section */
		40F16D5728F000D200E65109 /* Debug */ = {
			isa = XCBuildConfiguration;
			buildSettings = {
				ALWAYS_SEARCH_USER_PATHS = NO;
				CLANG_ANALYZER_NONNULL = YES;
				CLANG_ANALYZER_NUMBER_OBJECT_CONVERSION = YES_AGGRESSIVE;
				CLANG_CXX_LANGUAGE_STANDARD = "gnu++20";
				CLANG_ENABLE_MODULES = YES;
				CLANG_ENABLE_OBJC_ARC = YES;
				CLANG_ENABLE_OBJC_WEAK = YES;
				CLANG_WARN_BLOCK_CAPTURE_AUTORELEASING = YES;
				CLANG_WARN_BOOL_CONVERSION = YES;
				CLANG_WARN_COMMA = YES;
				CLANG_WARN_CONSTANT_CONVERSION = YES;
				CLANG_WARN_DEPRECATED_OBJC_IMPLEMENTATIONS = YES;
				CLANG_WARN_DIRECT_OBJC_ISA_USAGE = YES_ERROR;
				CLANG_WARN_DOCUMENTATION_COMMENTS = YES;
				CLANG_WARN_EMPTY_BODY = YES;
				CLANG_WARN_ENUM_CONVERSION = YES;
				CLANG_WARN_INFINITE_RECURSION = YES;
				CLANG_WARN_INT_CONVERSION = YES;
				CLANG_WARN_NON_LITERAL_NULL_CONVERSION = YES;
				CLANG_WARN_OBJC_IMPLICIT_RETAIN_SELF = YES;
				CLANG_WARN_OBJC_LITERAL_CONVERSION = YES;
				CLANG_WARN_OBJC_ROOT_CLASS = YES_ERROR;
				CLANG_WARN_QUOTED_INCLUDE_IN_FRAMEWORK_HEADER = YES;
				CLANG_WARN_RANGE_LOOP_ANALYSIS = YES;
				CLANG_WARN_STRICT_PROTOTYPES = YES;
				CLANG_WARN_SUSPICIOUS_MOVE = YES;
				CLANG_WARN_UNGUARDED_AVAILABILITY = YES_AGGRESSIVE;
				CLANG_WARN_UNREACHABLE_CODE = YES;
				CLANG_WARN__DUPLICATE_METHOD_MATCH = YES;
				COPY_PHASE_STRIP = NO;
				DEBUG_INFORMATION_FORMAT = dwarf;
				ENABLE_STRICT_OBJC_MSGSEND = YES;
				ENABLE_TESTABILITY = YES;
				GCC_C_LANGUAGE_STANDARD = gnu11;
				GCC_DYNAMIC_NO_PIC = NO;
				GCC_NO_COMMON_BLOCKS = YES;
				GCC_OPTIMIZATION_LEVEL = 0;
				GCC_PREPROCESSOR_DEFINITIONS = (
					"DEBUG=1",
					"$(inherited)",
				);
				GCC_WARN_64_TO_32_BIT_CONVERSION = YES;
				GCC_WARN_ABOUT_RETURN_TYPE = YES_ERROR;
				GCC_WARN_UNDECLARED_SELECTOR = YES;
				GCC_WARN_UNINITIALIZED_AUTOS = YES_AGGRESSIVE;
				GCC_WARN_UNUSED_FUNCTION = YES;
				GCC_WARN_UNUSED_VARIABLE = YES;
				IPHONEOS_DEPLOYMENT_TARGET = 16.0;
				MTL_ENABLE_DEBUG_INFO = INCLUDE_SOURCE;
				MTL_FAST_MATH = YES;
				ONLY_ACTIVE_ARCH = YES;
				SDKROOT = iphoneos;
				SWIFT_ACTIVE_COMPILATION_CONDITIONS = DEBUG;
				SWIFT_OPTIMIZATION_LEVEL = "-Onone";
			};
			name = Debug;
		};
		40F16D5828F000D200E65109 /* Release */ = {
			isa = XCBuildConfiguration;
			buildSettings = {
				ALWAYS_SEARCH_USER_PATHS = NO;
				CLANG_ANALYZER_NONNULL = YES;
				CLANG_ANALYZER_NUMBER_OBJECT_CONVERSION = YES_AGGRESSIVE;
				CLANG_CXX_LANGUAGE_STANDARD = "gnu++20";
				CLANG_ENABLE_MODULES = YES;
				CLANG_ENABLE_OBJC_ARC = YES;
				CLANG_ENABLE_OBJC_WEAK = YES;
				CLANG_WARN_BLOCK_CAPTURE_AUTORELEASING = YES;
				CLANG_WARN_BOOL_CONVERSION = YES;
				CLANG_WARN_COMMA = YES;
				CLANG_WARN_CONSTANT_CONVERSION = YES;
				CLANG_WARN_DEPRECATED_OBJC_IMPLEMENTATIONS = YES;
				CLANG_WARN_DIRECT_OBJC_ISA_USAGE = YES_ERROR;
				CLANG_WARN_DOCUMENTATION_COMMENTS = YES;
				CLANG_WARN_EMPTY_BODY = YES;
				CLANG_WARN_ENUM_CONVERSION = YES;
				CLANG_WARN_INFINITE_RECURSION = YES;
				CLANG_WARN_INT_CONVERSION = YES;
				CLANG_WARN_NON_LITERAL_NULL_CONVERSION = YES;
				CLANG_WARN_OBJC_IMPLICIT_RETAIN_SELF = YES;
				CLANG_WARN_OBJC_LITERAL_CONVERSION = YES;
				CLANG_WARN_OBJC_ROOT_CLASS = YES_ERROR;
				CLANG_WARN_QUOTED_INCLUDE_IN_FRAMEWORK_HEADER = YES;
				CLANG_WARN_RANGE_LOOP_ANALYSIS = YES;
				CLANG_WARN_STRICT_PROTOTYPES = YES;
				CLANG_WARN_SUSPICIOUS_MOVE = YES;
				CLANG_WARN_UNGUARDED_AVAILABILITY = YES_AGGRESSIVE;
				CLANG_WARN_UNREACHABLE_CODE = YES;
				CLANG_WARN__DUPLICATE_METHOD_MATCH = YES;
				COPY_PHASE_STRIP = NO;
				DEBUG_INFORMATION_FORMAT = "dwarf-with-dsym";
				ENABLE_NS_ASSERTIONS = NO;
				ENABLE_STRICT_OBJC_MSGSEND = YES;
				GCC_C_LANGUAGE_STANDARD = gnu11;
				GCC_NO_COMMON_BLOCKS = YES;
				GCC_WARN_64_TO_32_BIT_CONVERSION = YES;
				GCC_WARN_ABOUT_RETURN_TYPE = YES_ERROR;
				GCC_WARN_UNDECLARED_SELECTOR = YES;
				GCC_WARN_UNINITIALIZED_AUTOS = YES_AGGRESSIVE;
				GCC_WARN_UNUSED_FUNCTION = YES;
				GCC_WARN_UNUSED_VARIABLE = YES;
				IPHONEOS_DEPLOYMENT_TARGET = 16.0;
				MTL_ENABLE_DEBUG_INFO = NO;
				MTL_FAST_MATH = YES;
				SDKROOT = iphoneos;
				SWIFT_COMPILATION_MODE = wholemodule;
				SWIFT_OPTIMIZATION_LEVEL = "-O";
				VALIDATE_PRODUCT = YES;
			};
			name = Release;
		};
		40F16D5A28F000D200E65109 /* Debug */ = {
			isa = XCBuildConfiguration;
			baseConfigurationReference = 62396DFEC7C32463DA25B5BE /* Pods-FromCocoaToSPM.debug.xcconfig */;
			buildSettings = {
				ASSETCATALOG_COMPILER_APPICON_NAME = AppIcon;
				ASSETCATALOG_COMPILER_GLOBAL_ACCENT_COLOR_NAME = AccentColor;
				CODE_SIGN_STYLE = Automatic;
				CURRENT_PROJECT_VERSION = 1;
				DEVELOPMENT_ASSET_PATHS = "\"FromCocoaToSPM/Preview Content\"";
				DEVELOPMENT_TEAM = M3F8W7J23K;
				ENABLE_PREVIEWS = YES;
				GENERATE_INFOPLIST_FILE = YES;
				INFOPLIST_KEY_UIApplicationSceneManifest_Generation = YES;
				INFOPLIST_KEY_UIApplicationSupportsIndirectInputEvents = YES;
				INFOPLIST_KEY_UILaunchScreen_Generation = YES;
				INFOPLIST_KEY_UISupportedInterfaceOrientations_iPad = "UIInterfaceOrientationPortrait UIInterfaceOrientationPortraitUpsideDown UIInterfaceOrientationLandscapeLeft UIInterfaceOrientationLandscapeRight";
				INFOPLIST_KEY_UISupportedInterfaceOrientations_iPhone = "UIInterfaceOrientationPortrait UIInterfaceOrientationLandscapeLeft UIInterfaceOrientationLandscapeRight";
				LD_RUNPATH_SEARCH_PATHS = (
					"$(inherited)",
					"@executable_path/Frameworks",
				);
				MARKETING_VERSION = 1.0;
				PRODUCT_BUNDLE_IDENTIFIER = com.newwork.FromCocoaToSPM;
				PRODUCT_NAME = "$(TARGET_NAME)";
				SWIFT_EMIT_LOC_STRINGS = YES;
				SWIFT_VERSION = 5.0;
				TARGETED_DEVICE_FAMILY = "1,2";
			};
			name = Debug;
		};
		40F16D5B28F000D200E65109 /* Release */ = {
			isa = XCBuildConfiguration;
			baseConfigurationReference = 2FF576CD21C8907C64055BDC /* Pods-FromCocoaToSPM.release.xcconfig */;
			buildSettings = {
				ASSETCATALOG_COMPILER_APPICON_NAME = AppIcon;
				ASSETCATALOG_COMPILER_GLOBAL_ACCENT_COLOR_NAME = AccentColor;
				CODE_SIGN_STYLE = Automatic;
				CURRENT_PROJECT_VERSION = 1;
				DEVELOPMENT_ASSET_PATHS = "\"FromCocoaToSPM/Preview Content\"";
				DEVELOPMENT_TEAM = M3F8W7J23K;
				ENABLE_PREVIEWS = YES;
				GENERATE_INFOPLIST_FILE = YES;
				INFOPLIST_KEY_UIApplicationSceneManifest_Generation = YES;
				INFOPLIST_KEY_UIApplicationSupportsIndirectInputEvents = YES;
				INFOPLIST_KEY_UILaunchScreen_Generation = YES;
				INFOPLIST_KEY_UISupportedInterfaceOrientations_iPad = "UIInterfaceOrientationPortrait UIInterfaceOrientationPortraitUpsideDown UIInterfaceOrientationLandscapeLeft UIInterfaceOrientationLandscapeRight";
				INFOPLIST_KEY_UISupportedInterfaceOrientations_iPhone = "UIInterfaceOrientationPortrait UIInterfaceOrientationLandscapeLeft UIInterfaceOrientationLandscapeRight";
				LD_RUNPATH_SEARCH_PATHS = (
					"$(inherited)",
					"@executable_path/Frameworks",
				);
				MARKETING_VERSION = 1.0;
				PRODUCT_BUNDLE_IDENTIFIER = com.newwork.FromCocoaToSPM;
				PRODUCT_NAME = "$(TARGET_NAME)";
				SWIFT_EMIT_LOC_STRINGS = YES;
				SWIFT_VERSION = 5.0;
				TARGETED_DEVICE_FAMILY = "1,2";
			};
			name = Release;
		};
		40F16D5D28F000D200E65109 /* Debug */ = {
			isa = XCBuildConfiguration;
			baseConfigurationReference = 14C10542006C5EA799C6A69E /* Pods-FromCocoaToSPMTests.debug.xcconfig */;
			buildSettings = {
				ALWAYS_EMBED_SWIFT_STANDARD_LIBRARIES = YES;
				BUNDLE_LOADER = "$(TEST_HOST)";
				CODE_SIGN_STYLE = Automatic;
				CURRENT_PROJECT_VERSION = 1;
				DEVELOPMENT_TEAM = M3F8W7J23K;
				GENERATE_INFOPLIST_FILE = YES;
				IPHONEOS_DEPLOYMENT_TARGET = 16.0;
				MARKETING_VERSION = 1.0;
				PRODUCT_BUNDLE_IDENTIFIER = com.newwork.FromCocoaToSPMTests;
				PRODUCT_NAME = "$(TARGET_NAME)";
				SWIFT_EMIT_LOC_STRINGS = NO;
				SWIFT_VERSION = 5.0;
				TARGETED_DEVICE_FAMILY = "1,2";
				TEST_HOST = "$(BUILT_PRODUCTS_DIR)/FromCocoaToSPM.app/$(BUNDLE_EXECUTABLE_FOLDER_PATH)/FromCocoaToSPM";
			};
			name = Debug;
		};
		40F16D5E28F000D200E65109 /* Release */ = {
			isa = XCBuildConfiguration;
			baseConfigurationReference = BB00F7A56CFA157CCBBBBFF8 /* Pods-FromCocoaToSPMTests.release.xcconfig */;
			buildSettings = {
				ALWAYS_EMBED_SWIFT_STANDARD_LIBRARIES = YES;
				BUNDLE_LOADER = "$(TEST_HOST)";
				CODE_SIGN_STYLE = Automatic;
				CURRENT_PROJECT_VERSION = 1;
				DEVELOPMENT_TEAM = M3F8W7J23K;
				GENERATE_INFOPLIST_FILE = YES;
				IPHONEOS_DEPLOYMENT_TARGET = 16.0;
				MARKETING_VERSION = 1.0;
				PRODUCT_BUNDLE_IDENTIFIER = com.newwork.FromCocoaToSPMTests;
				PRODUCT_NAME = "$(TARGET_NAME)";
				SWIFT_EMIT_LOC_STRINGS = NO;
				SWIFT_VERSION = 5.0;
				TARGETED_DEVICE_FAMILY = "1,2";
				TEST_HOST = "$(BUILT_PRODUCTS_DIR)/FromCocoaToSPM.app/$(BUNDLE_EXECUTABLE_FOLDER_PATH)/FromCocoaToSPM";
			};
			name = Release;
		};
		40F16D6028F000D200E65109 /* Debug */ = {
			isa = XCBuildConfiguration;
			baseConfigurationReference = 6C63B60E4AD8C43895551A55 /* Pods-FromCocoaToSPM-FromCocoaToSPMUITests.debug.xcconfig */;
			buildSettings = {
				ALWAYS_EMBED_SWIFT_STANDARD_LIBRARIES = YES;
				CODE_SIGN_STYLE = Automatic;
				CURRENT_PROJECT_VERSION = 1;
				DEVELOPMENT_TEAM = M3F8W7J23K;
				GENERATE_INFOPLIST_FILE = YES;
				MARKETING_VERSION = 1.0;
				PRODUCT_BUNDLE_IDENTIFIER = com.newwork.FromCocoaToSPMUITests;
				PRODUCT_NAME = "$(TARGET_NAME)";
				SWIFT_EMIT_LOC_STRINGS = NO;
				SWIFT_VERSION = 5.0;
				TARGETED_DEVICE_FAMILY = "1,2";
				TEST_TARGET_NAME = FromCocoaToSPM;
			};
			name = Debug;
		};
		40F16D6128F000D200E65109 /* Release */ = {
			isa = XCBuildConfiguration;
			baseConfigurationReference = 85F76C5B5AD43EA2BC5B9693 /* Pods-FromCocoaToSPM-FromCocoaToSPMUITests.release.xcconfig */;
			buildSettings = {
				ALWAYS_EMBED_SWIFT_STANDARD_LIBRARIES = YES;
				CODE_SIGN_STYLE = Automatic;
				CURRENT_PROJECT_VERSION = 1;
				DEVELOPMENT_TEAM = M3F8W7J23K;
				GENERATE_INFOPLIST_FILE = YES;
				MARKETING_VERSION = 1.0;
				PRODUCT_BUNDLE_IDENTIFIER = com.newwork.FromCocoaToSPMUITests;
				PRODUCT_NAME = "$(TARGET_NAME)";
				SWIFT_EMIT_LOC_STRINGS = NO;
				SWIFT_VERSION = 5.0;
				TARGETED_DEVICE_FAMILY = "1,2";
				TEST_TARGET_NAME = FromCocoaToSPM;
			};
			name = Release;
		};
/* End XCBuildConfiguration section */

/* Begin XCConfigurationList section */
		40F16D3028F000D100E65109 /* Build configuration list for PBXProject "FromCocoaToSPM" */ = {
			isa = XCConfigurationList;
			buildConfigurations = (
				40F16D5728F000D200E65109 /* Debug */,
				40F16D5828F000D200E65109 /* Release */,
			);
			defaultConfigurationIsVisible = 0;
			defaultConfigurationName = Release;
		};
		40F16D5928F000D200E65109 /* Build configuration list for PBXNativeTarget "FromCocoaToSPM" */ = {
			isa = XCConfigurationList;
			buildConfigurations = (
				40F16D5A28F000D200E65109 /* Debug */,
				40F16D5B28F000D200E65109 /* Release */,
			);
			defaultConfigurationIsVisible = 0;
			defaultConfigurationName = Release;
		};
		40F16D5C28F000D200E65109 /* Build configuration list for PBXNativeTarget "FromCocoaToSPMTests" */ = {
			isa = XCConfigurationList;
			buildConfigurations = (
				40F16D5D28F000D200E65109 /* Debug */,
				40F16D5E28F000D200E65109 /* Release */,
			);
			defaultConfigurationIsVisible = 0;
			defaultConfigurationName = Release;
		};
		40F16D5F28F000D200E65109 /* Build configuration list for PBXNativeTarget "FromCocoaToSPMUITests" */ = {
			isa = XCConfigurationList;
			buildConfigurations = (
				40F16D6028F000D200E65109 /* Debug */,
				40F16D6128F000D200E65109 /* Release */,
			);
			defaultConfigurationIsVisible = 0;
			defaultConfigurationName = Release;
		};
/* End XCConfigurationList section */
	};
	rootObject = 40F16D2D28F000D100E65109 /* Project object */;
}
